// !$*UTF8*$!
{
	archiveVersion = 1;
	classes = {
	};
	objectVersion = 48;
	objects = {

/* Begin PBXBuildFile section */
		22D80494C289A0E3BAAC2396 /* Pods_CardLayoutViewDemo.framework in Frameworks */ = {isa = PBXBuildFile; fileRef = EAB87C5D71C82B5A4C15A23A /* Pods_CardLayoutViewDemo.framework */; };
		36B5A4257445FD6F8F106C7D /* Pods_CardLayoutViewDemoUITests.framework in Frameworks */ = {isa = PBXBuildFile; fileRef = AF106B40482628DF02E7ED54 /* Pods_CardLayoutViewDemoUITests.framework */; };
		3882C486094E74A89F5914B3 /* Pods_CardLayoutViewDemoTests.framework in Frameworks */ = {isa = PBXBuildFile; fileRef = DB4DF82A975AD7D1B96F9148 /* Pods_CardLayoutViewDemoTests.framework */; };
		8D1EA30D1FD005CA0072324B /* AppDelegate.swift in Sources */ = {isa = PBXBuildFile; fileRef = 8D1EA30C1FD005CA0072324B /* AppDelegate.swift */; };
		8D1EA30F1FD005CA0072324B /* ViewController.swift in Sources */ = {isa = PBXBuildFile; fileRef = 8D1EA30E1FD005CA0072324B /* ViewController.swift */; };
		8D1EA3121FD005CA0072324B /* Main.storyboard in Resources */ = {isa = PBXBuildFile; fileRef = 8D1EA3101FD005CA0072324B /* Main.storyboard */; };
		8D1EA3151FD005CA0072324B /* CardLayoutViewDemo.xcdatamodeld in Sources */ = {isa = PBXBuildFile; fileRef = 8D1EA3131FD005CA0072324B /* CardLayoutViewDemo.xcdatamodeld */; };
		8D1EA3171FD005CA0072324B /* Assets.xcassets in Resources */ = {isa = PBXBuildFile; fileRef = 8D1EA3161FD005CA0072324B /* Assets.xcassets */; };
		8D1EA31A1FD005CA0072324B /* LaunchScreen.storyboard in Resources */ = {isa = PBXBuildFile; fileRef = 8D1EA3181FD005CA0072324B /* LaunchScreen.storyboard */; };
		8D1EA3251FD005CA0072324B /* CardLayoutViewDemoTests.swift in Sources */ = {isa = PBXBuildFile; fileRef = 8D1EA3241FD005CA0072324B /* CardLayoutViewDemoTests.swift */; };
		8D1EA3301FD005CA0072324B /* CardLayoutViewDemoUITests.swift in Sources */ = {isa = PBXBuildFile; fileRef = 8D1EA32F1FD005CA0072324B /* CardLayoutViewDemoUITests.swift */; };
/* End PBXBuildFile section */

/* Begin PBXContainerItemProxy section */
		8D1EA3211FD005CA0072324B /* PBXContainerItemProxy */ = {
			isa = PBXContainerItemProxy;
			containerPortal = 8D1EA3011FD005CA0072324B /* Project object */;
			proxyType = 1;
			remoteGlobalIDString = 8D1EA3081FD005CA0072324B;
			remoteInfo = CardLayoutViewDemo;
		};
		8D1EA32C1FD005CA0072324B /* PBXContainerItemProxy */ = {
			isa = PBXContainerItemProxy;
			containerPortal = 8D1EA3011FD005CA0072324B /* Project object */;
			proxyType = 1;
			remoteGlobalIDString = 8D1EA3081FD005CA0072324B;
			remoteInfo = CardLayoutViewDemo;
		};
/* End PBXContainerItemProxy section */

/* Begin PBXFileReference section */
		015BCD8E6462B20EE2D31DD3 /* Pods-CardLayoutViewDemo.release.xcconfig */ = {isa = PBXFileReference; includeInIndex = 1; lastKnownFileType = text.xcconfig; name = "Pods-CardLayoutViewDemo.release.xcconfig"; path = "Pods/Target Support Files/Pods-CardLayoutViewDemo/Pods-CardLayoutViewDemo.release.xcconfig"; sourceTree = "<group>"; };
		04054A28354D6505A5F0B65B /* Pods-CardLayoutViewDemoUITests.release.xcconfig */ = {isa = PBXFileReference; includeInIndex = 1; lastKnownFileType = text.xcconfig; name = "Pods-CardLayoutViewDemoUITests.release.xcconfig"; path = "Pods/Target Support Files/Pods-CardLayoutViewDemoUITests/Pods-CardLayoutViewDemoUITests.release.xcconfig"; sourceTree = "<group>"; };
		2A7705A5FA9EBCF9AEEDB603 /* Pods-CardLayoutViewDemo.debug.xcconfig */ = {isa = PBXFileReference; includeInIndex = 1; lastKnownFileType = text.xcconfig; name = "Pods-CardLayoutViewDemo.debug.xcconfig"; path = "Pods/Target Support Files/Pods-CardLayoutViewDemo/Pods-CardLayoutViewDemo.debug.xcconfig"; sourceTree = "<group>"; };
		41C56536CC63E354720C4F73 /* Pods-CardLayoutViewDemoUITests.debug.xcconfig */ = {isa = PBXFileReference; includeInIndex = 1; lastKnownFileType = text.xcconfig; name = "Pods-CardLayoutViewDemoUITests.debug.xcconfig"; path = "Pods/Target Support Files/Pods-CardLayoutViewDemoUITests/Pods-CardLayoutViewDemoUITests.debug.xcconfig"; sourceTree = "<group>"; };
		76BA51677286ACE5E3F03998 /* Pods-CardLayoutViewDemoTests.release.xcconfig */ = {isa = PBXFileReference; includeInIndex = 1; lastKnownFileType = text.xcconfig; name = "Pods-CardLayoutViewDemoTests.release.xcconfig"; path = "Pods/Target Support Files/Pods-CardLayoutViewDemoTests/Pods-CardLayoutViewDemoTests.release.xcconfig"; sourceTree = "<group>"; };
		8D1EA3091FD005CA0072324B /* CardLayoutViewDemo.app */ = {isa = PBXFileReference; explicitFileType = wrapper.application; includeInIndex = 0; path = CardLayoutViewDemo.app; sourceTree = BUILT_PRODUCTS_DIR; };
		8D1EA30C1FD005CA0072324B /* AppDelegate.swift */ = {isa = PBXFileReference; lastKnownFileType = sourcecode.swift; path = AppDelegate.swift; sourceTree = "<group>"; };
		8D1EA30E1FD005CA0072324B /* ViewController.swift */ = {isa = PBXFileReference; lastKnownFileType = sourcecode.swift; path = ViewController.swift; sourceTree = "<group>"; };
		8D1EA3111FD005CA0072324B /* Base */ = {isa = PBXFileReference; lastKnownFileType = file.storyboard; name = Base; path = Base.lproj/Main.storyboard; sourceTree = "<group>"; };
		8D1EA3141FD005CA0072324B /* CardLayoutViewDemo.xcdatamodel */ = {isa = PBXFileReference; lastKnownFileType = wrapper.xcdatamodel; path = CardLayoutViewDemo.xcdatamodel; sourceTree = "<group>"; };
		8D1EA3161FD005CA0072324B /* Assets.xcassets */ = {isa = PBXFileReference; lastKnownFileType = folder.assetcatalog; path = Assets.xcassets; sourceTree = "<group>"; };
		8D1EA3191FD005CA0072324B /* Base */ = {isa = PBXFileReference; lastKnownFileType = file.storyboard; name = Base; path = Base.lproj/LaunchScreen.storyboard; sourceTree = "<group>"; };
		8D1EA31B1FD005CA0072324B /* Info.plist */ = {isa = PBXFileReference; lastKnownFileType = text.plist.xml; path = Info.plist; sourceTree = "<group>"; };
		8D1EA3201FD005CA0072324B /* CardLayoutViewDemoTests.xctest */ = {isa = PBXFileReference; explicitFileType = wrapper.cfbundle; includeInIndex = 0; path = CardLayoutViewDemoTests.xctest; sourceTree = BUILT_PRODUCTS_DIR; };
		8D1EA3241FD005CA0072324B /* CardLayoutViewDemoTests.swift */ = {isa = PBXFileReference; lastKnownFileType = sourcecode.swift; path = CardLayoutViewDemoTests.swift; sourceTree = "<group>"; };
		8D1EA3261FD005CA0072324B /* Info.plist */ = {isa = PBXFileReference; lastKnownFileType = text.plist.xml; path = Info.plist; sourceTree = "<group>"; };
		8D1EA32B1FD005CA0072324B /* CardLayoutViewDemoUITests.xctest */ = {isa = PBXFileReference; explicitFileType = wrapper.cfbundle; includeInIndex = 0; path = CardLayoutViewDemoUITests.xctest; sourceTree = BUILT_PRODUCTS_DIR; };
		8D1EA32F1FD005CA0072324B /* CardLayoutViewDemoUITests.swift */ = {isa = PBXFileReference; lastKnownFileType = sourcecode.swift; path = CardLayoutViewDemoUITests.swift; sourceTree = "<group>"; };
		8D1EA3311FD005CA0072324B /* Info.plist */ = {isa = PBXFileReference; lastKnownFileType = text.plist.xml; path = Info.plist; sourceTree = "<group>"; };
		AF106B40482628DF02E7ED54 /* Pods_CardLayoutViewDemoUITests.framework */ = {isa = PBXFileReference; explicitFileType = wrapper.framework; includeInIndex = 0; path = Pods_CardLayoutViewDemoUITests.framework; sourceTree = BUILT_PRODUCTS_DIR; };
		DB4DF82A975AD7D1B96F9148 /* Pods_CardLayoutViewDemoTests.framework */ = {isa = PBXFileReference; explicitFileType = wrapper.framework; includeInIndex = 0; path = Pods_CardLayoutViewDemoTests.framework; sourceTree = BUILT_PRODUCTS_DIR; };
		E3EDC11D0286F16C65E43C22 /* Pods-CardLayoutViewDemoTests.debug.xcconfig */ = {isa = PBXFileReference; includeInIndex = 1; lastKnownFileType = text.xcconfig; name = "Pods-CardLayoutViewDemoTests.debug.xcconfig"; path = "Pods/Target Support Files/Pods-CardLayoutViewDemoTests/Pods-CardLayoutViewDemoTests.debug.xcconfig"; sourceTree = "<group>"; };
		EAB87C5D71C82B5A4C15A23A /* Pods_CardLayoutViewDemo.framework */ = {isa = PBXFileReference; explicitFileType = wrapper.framework; includeInIndex = 0; path = Pods_CardLayoutViewDemo.framework; sourceTree = BUILT_PRODUCTS_DIR; };
/* End PBXFileReference section */

/* Begin PBXFrameworksBuildPhase section */
		8D1EA3061FD005CA0072324B /* Frameworks */ = {
			isa = PBXFrameworksBuildPhase;
			buildActionMask = 2147483647;
			files = (
				22D80494C289A0E3BAAC2396 /* Pods_CardLayoutViewDemo.framework in Frameworks */,
			);
			runOnlyForDeploymentPostprocessing = 0;
		};
		8D1EA31D1FD005CA0072324B /* Frameworks */ = {
			isa = PBXFrameworksBuildPhase;
			buildActionMask = 2147483647;
			files = (
				3882C486094E74A89F5914B3 /* Pods_CardLayoutViewDemoTests.framework in Frameworks */,
			);
			runOnlyForDeploymentPostprocessing = 0;
		};
		8D1EA3281FD005CA0072324B /* Frameworks */ = {
			isa = PBXFrameworksBuildPhase;
			buildActionMask = 2147483647;
			files = (
				36B5A4257445FD6F8F106C7D /* Pods_CardLayoutViewDemoUITests.framework in Frameworks */,
			);
			runOnlyForDeploymentPostprocessing = 0;
		};
/* End PBXFrameworksBuildPhase section */

/* Begin PBXGroup section */
		3B1B9208A47C2E445A45A792 /* Frameworks */ = {
			isa = PBXGroup;
			children = (
				EAB87C5D71C82B5A4C15A23A /* Pods_CardLayoutViewDemo.framework */,
				DB4DF82A975AD7D1B96F9148 /* Pods_CardLayoutViewDemoTests.framework */,
				AF106B40482628DF02E7ED54 /* Pods_CardLayoutViewDemoUITests.framework */,
			);
			name = Frameworks;
			sourceTree = "<group>";
		};
		8D1EA3001FD005CA0072324B = {
			isa = PBXGroup;
			children = (
				8D1EA30B1FD005CA0072324B /* CardLayoutViewDemo */,
				8D1EA3231FD005CA0072324B /* CardLayoutViewDemoTests */,
				8D1EA32E1FD005CA0072324B /* CardLayoutViewDemoUITests */,
				8D1EA30A1FD005CA0072324B /* Products */,
				CBD4A096739B6939BC4D8602 /* Pods */,
				3B1B9208A47C2E445A45A792 /* Frameworks */,
			);
			sourceTree = "<group>";
		};
		8D1EA30A1FD005CA0072324B /* Products */ = {
			isa = PBXGroup;
			children = (
				8D1EA3091FD005CA0072324B /* CardLayoutViewDemo.app */,
				8D1EA3201FD005CA0072324B /* CardLayoutViewDemoTests.xctest */,
				8D1EA32B1FD005CA0072324B /* CardLayoutViewDemoUITests.xctest */,
			);
			name = Products;
			sourceTree = "<group>";
		};
		8D1EA30B1FD005CA0072324B /* CardLayoutViewDemo */ = {
			isa = PBXGroup;
			children = (
				8D1EA30C1FD005CA0072324B /* AppDelegate.swift */,
				8D1EA30E1FD005CA0072324B /* ViewController.swift */,
				8D1EA3101FD005CA0072324B /* Main.storyboard */,
				8D1EA3161FD005CA0072324B /* Assets.xcassets */,
				8D1EA3181FD005CA0072324B /* LaunchScreen.storyboard */,
				8D1EA31B1FD005CA0072324B /* Info.plist */,
				8D1EA3131FD005CA0072324B /* CardLayoutViewDemo.xcdatamodeld */,
			);
			path = CardLayoutViewDemo;
			sourceTree = "<group>";
		};
		8D1EA3231FD005CA0072324B /* CardLayoutViewDemoTests */ = {
			isa = PBXGroup;
			children = (
				8D1EA3241FD005CA0072324B /* CardLayoutViewDemoTests.swift */,
				8D1EA3261FD005CA0072324B /* Info.plist */,
			);
			path = CardLayoutViewDemoTests;
			sourceTree = "<group>";
		};
		8D1EA32E1FD005CA0072324B /* CardLayoutViewDemoUITests */ = {
			isa = PBXGroup;
			children = (
				8D1EA32F1FD005CA0072324B /* CardLayoutViewDemoUITests.swift */,
				8D1EA3311FD005CA0072324B /* Info.plist */,
			);
			path = CardLayoutViewDemoUITests;
			sourceTree = "<group>";
		};
		CBD4A096739B6939BC4D8602 /* Pods */ = {
			isa = PBXGroup;
			children = (
				2A7705A5FA9EBCF9AEEDB603 /* Pods-CardLayoutViewDemo.debug.xcconfig */,
				015BCD8E6462B20EE2D31DD3 /* Pods-CardLayoutViewDemo.release.xcconfig */,
				E3EDC11D0286F16C65E43C22 /* Pods-CardLayoutViewDemoTests.debug.xcconfig */,
				76BA51677286ACE5E3F03998 /* Pods-CardLayoutViewDemoTests.release.xcconfig */,
				41C56536CC63E354720C4F73 /* Pods-CardLayoutViewDemoUITests.debug.xcconfig */,
				04054A28354D6505A5F0B65B /* Pods-CardLayoutViewDemoUITests.release.xcconfig */,
			);
			name = Pods;
			sourceTree = "<group>";
		};
/* End PBXGroup section */

/* Begin PBXNativeTarget section */
		8D1EA3081FD005CA0072324B /* CardLayoutViewDemo */ = {
			isa = PBXNativeTarget;
			buildConfigurationList = 8D1EA3341FD005CA0072324B /* Build configuration list for PBXNativeTarget "CardLayoutViewDemo" */;
			buildPhases = (
				C791382C010DA5E1973D8260 /* [CP] Check Pods Manifest.lock */,
				8D1EA3051FD005CA0072324B /* Sources */,
				8D1EA3061FD005CA0072324B /* Frameworks */,
				8D1EA3071FD005CA0072324B /* Resources */,
				FE80EC5CE56EAD445F8AADE9 /* [CP] Embed Pods Frameworks */,
				C0D1EF4C3793145875A5B895 /* [CP] Copy Pods Resources */,
			);
			buildRules = (
			);
			dependencies = (
			);
			name = CardLayoutViewDemo;
			productName = CardLayoutViewDemo;
			productReference = 8D1EA3091FD005CA0072324B /* CardLayoutViewDemo.app */;
			productType = "com.apple.product-type.application";
		};
		8D1EA31F1FD005CA0072324B /* CardLayoutViewDemoTests */ = {
			isa = PBXNativeTarget;
			buildConfigurationList = 8D1EA3371FD005CA0072324B /* Build configuration list for PBXNativeTarget "CardLayoutViewDemoTests" */;
			buildPhases = (
				4A25CD247962DF9CCD7D7883 /* [CP] Check Pods Manifest.lock */,
				8D1EA31C1FD005CA0072324B /* Sources */,
				8D1EA31D1FD005CA0072324B /* Frameworks */,
				8D1EA31E1FD005CA0072324B /* Resources */,
				EDED178F258E34CFC5F6F269 /* [CP] Embed Pods Frameworks */,
				DDE49CEFA90F5D9677AF553A /* [CP] Copy Pods Resources */,
			);
			buildRules = (
			);
			dependencies = (
				8D1EA3221FD005CA0072324B /* PBXTargetDependency */,
			);
			name = CardLayoutViewDemoTests;
			productName = CardLayoutViewDemoTests;
			productReference = 8D1EA3201FD005CA0072324B /* CardLayoutViewDemoTests.xctest */;
			productType = "com.apple.product-type.bundle.unit-test";
		};
		8D1EA32A1FD005CA0072324B /* CardLayoutViewDemoUITests */ = {
			isa = PBXNativeTarget;
			buildConfigurationList = 8D1EA33A1FD005CA0072324B /* Build configuration list for PBXNativeTarget "CardLayoutViewDemoUITests" */;
			buildPhases = (
				2147A51ED193521A2B3921AB /* [CP] Check Pods Manifest.lock */,
				8D1EA3271FD005CA0072324B /* Sources */,
				8D1EA3281FD005CA0072324B /* Frameworks */,
				8D1EA3291FD005CA0072324B /* Resources */,
				CBAB2E7F7A9EB7F00225C057 /* [CP] Embed Pods Frameworks */,
				61BC5DBDF772F3CF0E2FDBB9 /* [CP] Copy Pods Resources */,
			);
			buildRules = (
			);
			dependencies = (
				8D1EA32D1FD005CA0072324B /* PBXTargetDependency */,
			);
			name = CardLayoutViewDemoUITests;
			productName = CardLayoutViewDemoUITests;
			productReference = 8D1EA32B1FD005CA0072324B /* CardLayoutViewDemoUITests.xctest */;
			productType = "com.apple.product-type.bundle.ui-testing";
		};
/* End PBXNativeTarget section */

/* Begin PBXProject section */
		8D1EA3011FD005CA0072324B /* Project object */ = {
			isa = PBXProject;
			attributes = {
				LastSwiftUpdateCheck = 0900;
				LastUpgradeCheck = 0900;
				ORGANIZATIONNAME = IBM;
				TargetAttributes = {
					8D1EA3081FD005CA0072324B = {
						CreatedOnToolsVersion = 9.0;
						ProvisioningStyle = Automatic;
					};
					8D1EA31F1FD005CA0072324B = {
						CreatedOnToolsVersion = 9.0;
						ProvisioningStyle = Automatic;
						TestTargetID = 8D1EA3081FD005CA0072324B;
					};
					8D1EA32A1FD005CA0072324B = {
						CreatedOnToolsVersion = 9.0;
						ProvisioningStyle = Automatic;
						TestTargetID = 8D1EA3081FD005CA0072324B;
					};
				};
			};
			buildConfigurationList = 8D1EA3041FD005CA0072324B /* Build configuration list for PBXProject "CardLayoutViewDemo" */;
			compatibilityVersion = "Xcode 8.0";
			developmentRegion = en;
			hasScannedForEncodings = 0;
			knownRegions = (
				en,
				Base,
			);
			mainGroup = 8D1EA3001FD005CA0072324B;
			productRefGroup = 8D1EA30A1FD005CA0072324B /* Products */;
			projectDirPath = "";
			projectRoot = "";
			targets = (
				8D1EA3081FD005CA0072324B /* CardLayoutViewDemo */,
				8D1EA31F1FD005CA0072324B /* CardLayoutViewDemoTests */,
				8D1EA32A1FD005CA0072324B /* CardLayoutViewDemoUITests */,
			);
		};
/* End PBXProject section */

/* Begin PBXResourcesBuildPhase section */
		8D1EA3071FD005CA0072324B /* Resources */ = {
			isa = PBXResourcesBuildPhase;
			buildActionMask = 2147483647;
			files = (
				8D1EA31A1FD005CA0072324B /* LaunchScreen.storyboard in Resources */,
				8D1EA3171FD005CA0072324B /* Assets.xcassets in Resources */,
				8D1EA3121FD005CA0072324B /* Main.storyboard in Resources */,
			);
			runOnlyForDeploymentPostprocessing = 0;
		};
		8D1EA31E1FD005CA0072324B /* Resources */ = {
			isa = PBXResourcesBuildPhase;
			buildActionMask = 2147483647;
			files = (
			);
			runOnlyForDeploymentPostprocessing = 0;
		};
		8D1EA3291FD005CA0072324B /* Resources */ = {
			isa = PBXResourcesBuildPhase;
			buildActionMask = 2147483647;
			files = (
			);
			runOnlyForDeploymentPostprocessing = 0;
		};
/* End PBXResourcesBuildPhase section */

/* Begin PBXShellScriptBuildPhase section */
		2147A51ED193521A2B3921AB /* [CP] Check Pods Manifest.lock */ = {
			isa = PBXShellScriptBuildPhase;
			buildActionMask = 2147483647;
			files = (
			);
			inputPaths = (
				"${PODS_PODFILE_DIR_PATH}/Podfile.lock",
				"${PODS_ROOT}/Manifest.lock",
			);
			name = "[CP] Check Pods Manifest.lock";
			outputPaths = (
				"$(DERIVED_FILE_DIR)/Pods-CardLayoutViewDemoUITests-checkManifestLockResult.txt",
			);
			runOnlyForDeploymentPostprocessing = 0;
			shellPath = /bin/sh;
			shellScript = "diff \"${PODS_PODFILE_DIR_PATH}/Podfile.lock\" \"${PODS_ROOT}/Manifest.lock\" > /dev/null\nif [ $? != 0 ] ; then\n    # print error to STDERR\n    echo \"error: The sandbox is not in sync with the Podfile.lock. Run 'pod install' or update your CocoaPods installation.\" >&2\n    exit 1\nfi\n# This output is used by Xcode 'outputs' to avoid re-running this script phase.\necho \"SUCCESS\" > \"${SCRIPT_OUTPUT_FILE_0}\"\n";
			showEnvVarsInLog = 0;
		};
		4A25CD247962DF9CCD7D7883 /* [CP] Check Pods Manifest.lock */ = {
			isa = PBXShellScriptBuildPhase;
			buildActionMask = 2147483647;
			files = (
			);
			inputPaths = (
				"${PODS_PODFILE_DIR_PATH}/Podfile.lock",
				"${PODS_ROOT}/Manifest.lock",
			);
			name = "[CP] Check Pods Manifest.lock";
			outputPaths = (
				"$(DERIVED_FILE_DIR)/Pods-CardLayoutViewDemoTests-checkManifestLockResult.txt",
			);
			runOnlyForDeploymentPostprocessing = 0;
			shellPath = /bin/sh;
			shellScript = "diff \"${PODS_PODFILE_DIR_PATH}/Podfile.lock\" \"${PODS_ROOT}/Manifest.lock\" > /dev/null\nif [ $? != 0 ] ; then\n    # print error to STDERR\n    echo \"error: The sandbox is not in sync with the Podfile.lock. Run 'pod install' or update your CocoaPods installation.\" >&2\n    exit 1\nfi\n# This output is used by Xcode 'outputs' to avoid re-running this script phase.\necho \"SUCCESS\" > \"${SCRIPT_OUTPUT_FILE_0}\"\n";
			showEnvVarsInLog = 0;
		};
		61BC5DBDF772F3CF0E2FDBB9 /* [CP] Copy Pods Resources */ = {
			isa = PBXShellScriptBuildPhase;
			buildActionMask = 2147483647;
			files = (
			);
			inputPaths = (
			);
			name = "[CP] Copy Pods Resources";
			outputPaths = (
			);
			runOnlyForDeploymentPostprocessing = 0;
			shellPath = /bin/sh;
			shellScript = "\"${SRCROOT}/Pods/Target Support Files/Pods-CardLayoutViewDemoUITests/Pods-CardLayoutViewDemoUITests-resources.sh\"\n";
			showEnvVarsInLog = 0;
		};
		C0D1EF4C3793145875A5B895 /* [CP] Copy Pods Resources */ = {
			isa = PBXShellScriptBuildPhase;
			buildActionMask = 2147483647;
			files = (
			);
			inputPaths = (
			);
			name = "[CP] Copy Pods Resources";
			outputPaths = (
			);
			runOnlyForDeploymentPostprocessing = 0;
			shellPath = /bin/sh;
			shellScript = "\"${SRCROOT}/Pods/Target Support Files/Pods-CardLayoutViewDemo/Pods-CardLayoutViewDemo-resources.sh\"\n";
			showEnvVarsInLog = 0;
		};
		C791382C010DA5E1973D8260 /* [CP] Check Pods Manifest.lock */ = {
			isa = PBXShellScriptBuildPhase;
			buildActionMask = 2147483647;
			files = (
			);
			inputPaths = (
				"${PODS_PODFILE_DIR_PATH}/Podfile.lock",
				"${PODS_ROOT}/Manifest.lock",
			);
			name = "[CP] Check Pods Manifest.lock";
			outputPaths = (
				"$(DERIVED_FILE_DIR)/Pods-CardLayoutViewDemo-checkManifestLockResult.txt",
			);
			runOnlyForDeploymentPostprocessing = 0;
			shellPath = /bin/sh;
			shellScript = "diff \"${PODS_PODFILE_DIR_PATH}/Podfile.lock\" \"${PODS_ROOT}/Manifest.lock\" > /dev/null\nif [ $? != 0 ] ; then\n    # print error to STDERR\n    echo \"error: The sandbox is not in sync with the Podfile.lock. Run 'pod install' or update your CocoaPods installation.\" >&2\n    exit 1\nfi\n# This output is used by Xcode 'outputs' to avoid re-running this script phase.\necho \"SUCCESS\" > \"${SCRIPT_OUTPUT_FILE_0}\"\n";
			showEnvVarsInLog = 0;
		};
		CBAB2E7F7A9EB7F00225C057 /* [CP] Embed Pods Frameworks */ = {
			isa = PBXShellScriptBuildPhase;
			buildActionMask = 2147483647;
			files = (
			);
			inputPaths = (
			);
			name = "[CP] Embed Pods Frameworks";
			outputPaths = (
			);
			runOnlyForDeploymentPostprocessing = 0;
			shellPath = /bin/sh;
			shellScript = "\"${SRCROOT}/Pods/Target Support Files/Pods-CardLayoutViewDemoUITests/Pods-CardLayoutViewDemoUITests-frameworks.sh\"\n";
			showEnvVarsInLog = 0;
		};
		DDE49CEFA90F5D9677AF553A /* [CP] Copy Pods Resources */ = {
			isa = PBXShellScriptBuildPhase;
			buildActionMask = 2147483647;
			files = (
			);
			inputPaths = (
			);
			name = "[CP] Copy Pods Resources";
			outputPaths = (
			);
			runOnlyForDeploymentPostprocessing = 0;
			shellPath = /bin/sh;
			shellScript = "\"${SRCROOT}/Pods/Target Support Files/Pods-CardLayoutViewDemoTests/Pods-CardLayoutViewDemoTests-resources.sh\"\n";
			showEnvVarsInLog = 0;
		};
		EDED178F258E34CFC5F6F269 /* [CP] Embed Pods Frameworks */ = {
			isa = PBXShellScriptBuildPhase;
			buildActionMask = 2147483647;
			files = (
			);
			inputPaths = (
			);
			name = "[CP] Embed Pods Frameworks";
			outputPaths = (
			);
			runOnlyForDeploymentPostprocessing = 0;
			shellPath = /bin/sh;
			shellScript = "\"${SRCROOT}/Pods/Target Support Files/Pods-CardLayoutViewDemoTests/Pods-CardLayoutViewDemoTests-frameworks.sh\"\n";
			showEnvVarsInLog = 0;
		};
		FE80EC5CE56EAD445F8AADE9 /* [CP] Embed Pods Frameworks */ = {
			isa = PBXShellScriptBuildPhase;
			buildActionMask = 2147483647;
			files = (
			);
			inputPaths = (
				"${SRCROOT}/Pods/Target Support Files/Pods-CardLayoutViewDemo/Pods-CardLayoutViewDemo-frameworks.sh",
				"${BUILT_PRODUCTS_DIR}/CardLayoutView/CardLayoutView.framework",
			);
			name = "[CP] Embed Pods Frameworks";
			outputPaths = (
				"${TARGET_BUILD_DIR}/${FRAMEWORKS_FOLDER_PATH}/CardLayoutView.framework",
			);
			runOnlyForDeploymentPostprocessing = 0;
			shellPath = /bin/sh;
			shellScript = "\"${SRCROOT}/Pods/Target Support Files/Pods-CardLayoutViewDemo/Pods-CardLayoutViewDemo-frameworks.sh\"\n";
			showEnvVarsInLog = 0;
		};
/* End PBXShellScriptBuildPhase section */

/* Begin PBXSourcesBuildPhase section */
		8D1EA3051FD005CA0072324B /* Sources */ = {
			isa = PBXSourcesBuildPhase;
			buildActionMask = 2147483647;
			files = (
				8D1EA3151FD005CA0072324B /* CardLayoutViewDemo.xcdatamodeld in Sources */,
				8D1EA30F1FD005CA0072324B /* ViewController.swift in Sources */,
				8D1EA30D1FD005CA0072324B /* AppDelegate.swift in Sources */,
			);
			runOnlyForDeploymentPostprocessing = 0;
		};
		8D1EA31C1FD005CA0072324B /* Sources */ = {
			isa = PBXSourcesBuildPhase;
			buildActionMask = 2147483647;
			files = (
				8D1EA3251FD005CA0072324B /* CardLayoutViewDemoTests.swift in Sources */,
			);
			runOnlyForDeploymentPostprocessing = 0;
		};
		8D1EA3271FD005CA0072324B /* Sources */ = {
			isa = PBXSourcesBuildPhase;
			buildActionMask = 2147483647;
			files = (
				8D1EA3301FD005CA0072324B /* CardLayoutViewDemoUITests.swift in Sources */,
			);
			runOnlyForDeploymentPostprocessing = 0;
		};
/* End PBXSourcesBuildPhase section */

/* Begin PBXTargetDependency section */
		8D1EA3221FD005CA0072324B /* PBXTargetDependency */ = {
			isa = PBXTargetDependency;
			target = 8D1EA3081FD005CA0072324B /* CardLayoutViewDemo */;
			targetProxy = 8D1EA3211FD005CA0072324B /* PBXContainerItemProxy */;
		};
		8D1EA32D1FD005CA0072324B /* PBXTargetDependency */ = {
			isa = PBXTargetDependency;
			target = 8D1EA3081FD005CA0072324B /* CardLayoutViewDemo */;
			targetProxy = 8D1EA32C1FD005CA0072324B /* PBXContainerItemProxy */;
		};
/* End PBXTargetDependency section */

/* Begin PBXVariantGroup section */
		8D1EA3101FD005CA0072324B /* Main.storyboard */ = {
			isa = PBXVariantGroup;
			children = (
				8D1EA3111FD005CA0072324B /* Base */,
			);
			name = Main.storyboard;
			sourceTree = "<group>";
		};
		8D1EA3181FD005CA0072324B /* LaunchScreen.storyboard */ = {
			isa = PBXVariantGroup;
			children = (
				8D1EA3191FD005CA0072324B /* Base */,
			);
			name = LaunchScreen.storyboard;
			sourceTree = "<group>";
		};
/* End PBXVariantGroup section */

/* Begin XCBuildConfiguration section */
		8D1EA3321FD005CA0072324B /* Debug */ = {
			isa = XCBuildConfiguration;
			buildSettings = {
				ALWAYS_SEARCH_USER_PATHS = NO;
				CLANG_ANALYZER_NONNULL = YES;
				CLANG_ANALYZER_NUMBER_OBJECT_CONVERSION = YES_AGGRESSIVE;
				CLANG_CXX_LANGUAGE_STANDARD = "gnu++14";
				CLANG_CXX_LIBRARY = "libc++";
				CLANG_ENABLE_MODULES = YES;
				CLANG_ENABLE_OBJC_ARC = YES;
				CLANG_WARN_BLOCK_CAPTURE_AUTORELEASING = YES;
				CLANG_WARN_BOOL_CONVERSION = YES;
				CLANG_WARN_COMMA = YES;
				CLANG_WARN_CONSTANT_CONVERSION = YES;
				CLANG_WARN_DIRECT_OBJC_ISA_USAGE = YES_ERROR;
				CLANG_WARN_DOCUMENTATION_COMMENTS = YES;
				CLANG_WARN_EMPTY_BODY = YES;
				CLANG_WARN_ENUM_CONVERSION = YES;
				CLANG_WARN_INFINITE_RECURSION = YES;
				CLANG_WARN_INT_CONVERSION = YES;
				CLANG_WARN_NON_LITERAL_NULL_CONVERSION = YES;
				CLANG_WARN_OBJC_LITERAL_CONVERSION = YES;
				CLANG_WARN_OBJC_ROOT_CLASS = YES_ERROR;
				CLANG_WARN_RANGE_LOOP_ANALYSIS = YES;
				CLANG_WARN_STRICT_PROTOTYPES = YES;
				CLANG_WARN_SUSPICIOUS_MOVE = YES;
				CLANG_WARN_UNGUARDED_AVAILABILITY = YES_AGGRESSIVE;
				CLANG_WARN_UNREACHABLE_CODE = YES;
				CLANG_WARN__DUPLICATE_METHOD_MATCH = YES;
				CODE_SIGN_IDENTITY = "iPhone Developer";
				COPY_PHASE_STRIP = NO;
				DEBUG_INFORMATION_FORMAT = dwarf;
				ENABLE_STRICT_OBJC_MSGSEND = YES;
				ENABLE_TESTABILITY = YES;
				GCC_C_LANGUAGE_STANDARD = gnu11;
				GCC_DYNAMIC_NO_PIC = NO;
				GCC_NO_COMMON_BLOCKS = YES;
				GCC_OPTIMIZATION_LEVEL = 0;
				GCC_PREPROCESSOR_DEFINITIONS = (
					"DEBUG=1",
					"$(inherited)",
				);
				GCC_WARN_64_TO_32_BIT_CONVERSION = YES;
				GCC_WARN_ABOUT_RETURN_TYPE = YES_ERROR;
				GCC_WARN_UNDECLARED_SELECTOR = YES;
				GCC_WARN_UNINITIALIZED_AUTOS = YES_AGGRESSIVE;
				GCC_WARN_UNUSED_FUNCTION = YES;
				GCC_WARN_UNUSED_VARIABLE = YES;
				IPHONEOS_DEPLOYMENT_TARGET = 11.0;
				MTL_ENABLE_DEBUG_INFO = YES;
				ONLY_ACTIVE_ARCH = YES;
				SDKROOT = iphoneos;
				SWIFT_ACTIVE_COMPILATION_CONDITIONS = DEBUG;
				SWIFT_OPTIMIZATION_LEVEL = "-Onone";
			};
			name = Debug;
		};
		8D1EA3331FD005CA0072324B /* Release */ = {
			isa = XCBuildConfiguration;
			buildSettings = {
				ALWAYS_SEARCH_USER_PATHS = NO;
				CLANG_ANALYZER_NONNULL = YES;
				CLANG_ANALYZER_NUMBER_OBJECT_CONVERSION = YES_AGGRESSIVE;
				CLANG_CXX_LANGUAGE_STANDARD = "gnu++14";
				CLANG_CXX_LIBRARY = "libc++";
				CLANG_ENABLE_MODULES = YES;
				CLANG_ENABLE_OBJC_ARC = YES;
				CLANG_WARN_BLOCK_CAPTURE_AUTORELEASING = YES;
				CLANG_WARN_BOOL_CONVERSION = YES;
				CLANG_WARN_COMMA = YES;
				CLANG_WARN_CONSTANT_CONVERSION = YES;
				CLANG_WARN_DIRECT_OBJC_ISA_USAGE = YES_ERROR;
				CLANG_WARN_DOCUMENTATION_COMMENTS = YES;
				CLANG_WARN_EMPTY_BODY = YES;
				CLANG_WARN_ENUM_CONVERSION = YES;
				CLANG_WARN_INFINITE_RECURSION = YES;
				CLANG_WARN_INT_CONVERSION = YES;
				CLANG_WARN_NON_LITERAL_NULL_CONVERSION = YES;
				CLANG_WARN_OBJC_LITERAL_CONVERSION = YES;
				CLANG_WARN_OBJC_ROOT_CLASS = YES_ERROR;
				CLANG_WARN_RANGE_LOOP_ANALYSIS = YES;
				CLANG_WARN_STRICT_PROTOTYPES = YES;
				CLANG_WARN_SUSPICIOUS_MOVE = YES;
				CLANG_WARN_UNGUARDED_AVAILABILITY = YES_AGGRESSIVE;
				CLANG_WARN_UNREACHABLE_CODE = YES;
				CLANG_WARN__DUPLICATE_METHOD_MATCH = YES;
				CODE_SIGN_IDENTITY = "iPhone Developer";
				COPY_PHASE_STRIP = NO;
				DEBUG_INFORMATION_FORMAT = "dwarf-with-dsym";
				ENABLE_NS_ASSERTIONS = NO;
				ENABLE_STRICT_OBJC_MSGSEND = YES;
				GCC_C_LANGUAGE_STANDARD = gnu11;
				GCC_NO_COMMON_BLOCKS = YES;
				GCC_WARN_64_TO_32_BIT_CONVERSION = YES;
				GCC_WARN_ABOUT_RETURN_TYPE = YES_ERROR;
				GCC_WARN_UNDECLARED_SELECTOR = YES;
				GCC_WARN_UNINITIALIZED_AUTOS = YES_AGGRESSIVE;
				GCC_WARN_UNUSED_FUNCTION = YES;
				GCC_WARN_UNUSED_VARIABLE = YES;
				IPHONEOS_DEPLOYMENT_TARGET = 11.0;
				MTL_ENABLE_DEBUG_INFO = NO;
				SDKROOT = iphoneos;
				SWIFT_OPTIMIZATION_LEVEL = "-Owholemodule";
				VALIDATE_PRODUCT = YES;
			};
			name = Release;
		};
		8D1EA3351FD005CA0072324B /* Debug */ = {
			isa = XCBuildConfiguration;
			baseConfigurationReference = 2A7705A5FA9EBCF9AEEDB603 /* Pods-CardLayoutViewDemo.debug.xcconfig */;
			buildSettings = {
				ASSETCATALOG_COMPILER_APPICON_NAME = AppIcon;
				CODE_SIGN_STYLE = Automatic;
				DEVELOPMENT_TEAM = 48J25RZ8YC;
				INFOPLIST_FILE = CardLayoutViewDemo/Info.plist;
				LD_RUNPATH_SEARCH_PATHS = "$(inherited) @executable_path/Frameworks";
				PRODUCT_BUNDLE_IDENTIFIER = com.debaditya.personal.CardLayoutViewDemo;
				PRODUCT_NAME = "$(TARGET_NAME)";
				SWIFT_VERSION = 4.0;
				TARGETED_DEVICE_FAMILY = "1,2";
			};
			name = Debug;
		};
		8D1EA3361FD005CA0072324B /* Release */ = {
			isa = XCBuildConfiguration;
			baseConfigurationReference = 015BCD8E6462B20EE2D31DD3 /* Pods-CardLayoutViewDemo.release.xcconfig */;
			buildSettings = {
				ASSETCATALOG_COMPILER_APPICON_NAME = AppIcon;
				CODE_SIGN_STYLE = Automatic;
				DEVELOPMENT_TEAM = 48J25RZ8YC;
				INFOPLIST_FILE = CardLayoutViewDemo/Info.plist;
				LD_RUNPATH_SEARCH_PATHS = "$(inherited) @executable_path/Frameworks";
				PRODUCT_BUNDLE_IDENTIFIER = com.debaditya.personal.CardLayoutViewDemo;
				PRODUCT_NAME = "$(TARGET_NAME)";
				SWIFT_VERSION = 4.0;
				TARGETED_DEVICE_FAMILY = "1,2";
			};
			name = Release;
		};
		8D1EA3381FD005CA0072324B /* Debug */ = {
			isa = XCBuildConfiguration;
			baseConfigurationReference = E3EDC11D0286F16C65E43C22 /* Pods-CardLayoutViewDemoTests.debug.xcconfig */;
			buildSettings = {
				ALWAYS_EMBED_SWIFT_STANDARD_LIBRARIES = YES;
				BUNDLE_LOADER = "$(TEST_HOST)";
				CODE_SIGN_STYLE = Automatic;
				DEVELOPMENT_TEAM = 48J25RZ8YC;
				INFOPLIST_FILE = CardLayoutViewDemoTests/Info.plist;
				LD_RUNPATH_SEARCH_PATHS = "$(inherited) @executable_path/Frameworks @loader_path/Frameworks";
				PRODUCT_BUNDLE_IDENTIFIER = com.debaditya.personal.CardLayoutViewDemoTests;
				PRODUCT_NAME = "$(TARGET_NAME)";
				SWIFT_VERSION = 4.0;
				TARGETED_DEVICE_FAMILY = "1,2";
				TEST_HOST = "$(BUILT_PRODUCTS_DIR)/CardLayoutViewDemo.app/CardLayoutViewDemo";
			};
			name = Debug;
		};
		8D1EA3391FD005CA0072324B /* Release */ = {
			isa = XCBuildConfiguration;
			baseConfigurationReference = 76BA51677286ACE5E3F03998 /* Pods-CardLayoutViewDemoTests.release.xcconfig */;
			buildSettings = {
				ALWAYS_EMBED_SWIFT_STANDARD_LIBRARIES = YES;
				BUNDLE_LOADER = "$(TEST_HOST)";
				CODE_SIGN_STYLE = Automatic;
				DEVELOPMENT_TEAM = 48J25RZ8YC;
				INFOPLIST_FILE = CardLayoutViewDemoTests/Info.plist;
				LD_RUNPATH_SEARCH_PATHS = "$(inherited) @executable_path/Frameworks @loader_path/Frameworks";
				PRODUCT_BUNDLE_IDENTIFIER = com.debaditya.personal.CardLayoutViewDemoTests;
				PRODUCT_NAME = "$(TARGET_NAME)";
				SWIFT_VERSION = 4.0;
				TARGETED_DEVICE_FAMILY = "1,2";
				TEST_HOST = "$(BUILT_PRODUCTS_DIR)/CardLayoutViewDemo.app/CardLayoutViewDemo";
			};
			name = Release;
		};
		8D1EA33B1FD005CA0072324B /* Debug */ = {
			isa = XCBuildConfiguration;
			baseConfigurationReference = 41C56536CC63E354720C4F73 /* Pods-CardLayoutViewDemoUITests.debug.xcconfig */;
			buildSettings = {
				ALWAYS_EMBED_SWIFT_STANDARD_LIBRARIES = YES;
				CODE_SIGN_STYLE = Automatic;
				DEVELOPMENT_TEAM = 48J25RZ8YC;
				INFOPLIST_FILE = CardLayoutViewDemoUITests/Info.plist;
				LD_RUNPATH_SEARCH_PATHS = "$(inherited) @executable_path/Frameworks @loader_path/Frameworks";
				PRODUCT_BUNDLE_IDENTIFIER = com.debaditya.personal.CardLayoutViewDemoUITests;
				PRODUCT_NAME = "$(TARGET_NAME)";
				SWIFT_VERSION = 4.0;
				TARGETED_DEVICE_FAMILY = "1,2";
				TEST_TARGET_NAME = CardLayoutViewDemo;
			};
			name = Debug;
		};
		8D1EA33C1FD005CA0072324B /* Release */ = {
			isa = XCBuildConfiguration;
			baseConfigurationReference = 04054A28354D6505A5F0B65B /* Pods-CardLayoutViewDemoUITests.release.xcconfig */;
			buildSettings = {
				ALWAYS_EMBED_SWIFT_STANDARD_LIBRARIES = YES;
				CODE_SIGN_STYLE = Automatic;
				DEVELOPMENT_TEAM = 48J25RZ8YC;
				INFOPLIST_FILE = CardLayoutViewDemoUITests/Info.plist;
				LD_RUNPATH_SEARCH_PATHS = "$(inherited) @executable_path/Frameworks @loader_path/Frameworks";
				PRODUCT_BUNDLE_IDENTIFIER = com.debaditya.personal.CardLayoutViewDemoUITests;
				PRODUCT_NAME = "$(TARGET_NAME)";
				SWIFT_VERSION = 4.0;
				TARGETED_DEVICE_FAMILY = "1,2";
				TEST_TARGET_NAME = CardLayoutViewDemo;
			};
			name = Release;
		};
/* End XCBuildConfiguration section */

/* Begin XCConfigurationList section */
		8D1EA3041FD005CA0072324B /* Build configuration list for PBXProject "CardLayoutViewDemo" */ = {
			isa = XCConfigurationList;
			buildConfigurations = (
				8D1EA3321FD005CA0072324B /* Debug */,
				8D1EA3331FD005CA0072324B /* Release */,
			);
			defaultConfigurationIsVisible = 0;
			defaultConfigurationName = Release;
		};
		8D1EA3341FD005CA0072324B /* Build configuration list for PBXNativeTarget "CardLayoutViewDemo" */ = {
			isa = XCConfigurationList;
			buildConfigurations = (
				8D1EA3351FD005CA0072324B /* Debug */,
				8D1EA3361FD005CA0072324B /* Release */,
			);
			defaultConfigurationIsVisible = 0;
			defaultConfigurationName = Release;
		};
		8D1EA3371FD005CA0072324B /* Build configuration list for PBXNativeTarget "CardLayoutViewDemoTests" */ = {
			isa = XCConfigurationList;
			buildConfigurations = (
				8D1EA3381FD005CA0072324B /* Debug */,
				8D1EA3391FD005CA0072324B /* Release */,
			);
			defaultConfigurationIsVisible = 0;
			defaultConfigurationName = Release;
		};
		8D1EA33A1FD005CA0072324B /* Build configuration list for PBXNativeTarget "CardLayoutViewDemoUITests" */ = {
			isa = XCConfigurationList;
			buildConfigurations = (
				8D1EA33B1FD005CA0072324B /* Debug */,
				8D1EA33C1FD005CA0072324B /* Release */,
			);
			defaultConfigurationIsVisible = 0;
			defaultConfigurationName = Release;
		};
/* End XCConfigurationList section */

/* Begin XCVersionGroup section */
		8D1EA3131FD005CA0072324B /* CardLayoutViewDemo.xcdatamodeld */ = {
			isa = XCVersionGroup;
			children = (
				8D1EA3141FD005CA0072324B /* CardLayoutViewDemo.xcdatamodel */,
			);
			currentVersion = 8D1EA3141FD005CA0072324B /* CardLayoutViewDemo.xcdatamodel */;
			path = CardLayoutViewDemo.xcdatamodeld;
			sourceTree = "<group>";
			versionGroupType = wrapper.xcdatamodel;
		};
/* End XCVersionGroup section */
	};
	rootObject = 8D1EA3011FD005CA0072324B /* Project object */;
}
